
Microsoft Visual Studio Solution File, Format Version 12.00
# Visual Studio Version 16
VisualStudioVersion = 16.0.30225.117
MinimumVisualStudioVersion = 10.0.40219.1
Project("{FAE04EC0-301F-11D3-BF4B-00C04F79EFBC}") = "api.filmes", "api.filmes\api.filmes.csproj", "{B99022A5-EB5B-4F2A-BB53-0A41BA2A5EC9}"
EndProject
Global
	GlobalSection(SolutionConfigurationPlatforms) = preSolution
		Debug|Any CPU = Debug|Any CPU
		Release|Any CPU = Release|Any CPU
	EndGlobalSection
	GlobalSection(ProjectConfigurationPlatforms) = postSolution
		{B99022A5-EB5B-4F2A-BB53-0A41BA2A5EC9}.Debug|Any CPU.ActiveCfg = Debug|Any CPU
		{B99022A5-EB5B-4F2A-BB53-0A41BA2A5EC9}.Debug|Any CPU.Build.0 = Debug|Any CPU
		{B99022A5-EB5B-4F2A-BB53-0A41BA2A5EC9}.Release|Any CPU.ActiveCfg = Release|Any CPU
		{B99022A5-EB5B-4F2A-BB53-0A41BA2A5EC9}.Release|Any CPU.Build.0 = Release|Any CPU
	EndGlobalSection
	GlobalSection(SolutionProperties) = preSolution
		HideSolutionNode = FALSE
	EndGlobalSection
	GlobalSection(ExtensibilityGlobals) = postSolution
		SolutionGuid = {994422B0-F53E-4DD4-AEC4-7CB9EFAF0B81}
	EndGlobalSection
EndGlobal
